// !$*UTF8*$!
{
	archiveVersion = 1;
	classes = {
	};
	objectVersion = 56;
	objects = {

/* Begin PBXBuildFile section */
		D01F47D428F4ED3600617F11 /* FirebaseAnalyticsWithoutAdIdSupport in Frameworks */ = {isa = PBXBuildFile; productRef = D01F47D328F4ED3600617F11 /* FirebaseAnalyticsWithoutAdIdSupport */; };
		D01F47D628F4ED3600617F11 /* FirebaseCrashlytics in Frameworks */ = {isa = PBXBuildFile; productRef = D01F47D528F4ED3600617F11 /* FirebaseCrashlytics */; };
		D01F47D828F4ED3600617F11 /* FirebaseMessaging in Frameworks */ = {isa = PBXBuildFile; productRef = D01F47D728F4ED3600617F11 /* FirebaseMessaging */; };
		D040F92A28ED82BE0000FABA /* AppDelegate.swift in Sources */ = {isa = PBXBuildFile; fileRef = D040F92928ED82BE0000FABA /* AppDelegate.swift */; };
		D040F92C28ED82BE0000FABA /* SceneDelegate.swift in Sources */ = {isa = PBXBuildFile; fileRef = D040F92B28ED82BE0000FABA /* SceneDelegate.swift */; };
		D040F92E28ED82BE0000FABA /* ViewController.swift in Sources */ = {isa = PBXBuildFile; fileRef = D040F92D28ED82BE0000FABA /* ViewController.swift */; };
		D040F93128ED82BE0000FABA /* Main.storyboard in Resources */ = {isa = PBXBuildFile; fileRef = D040F92F28ED82BE0000FABA /* Main.storyboard */; };
		D040F93328ED82BF0000FABA /* Assets.xcassets in Resources */ = {isa = PBXBuildFile; fileRef = D040F93228ED82BF0000FABA /* Assets.xcassets */; };
		D040F93628ED82BF0000FABA /* LaunchScreen.storyboard in Resources */ = {isa = PBXBuildFile; fileRef = D040F93428ED82BF0000FABA /* LaunchScreen.storyboard */; };
		D040F93E28ED846C0000FABA /* GoogleService-Info.plist in Resources */ = {isa = PBXBuildFile; fileRef = D040F93D28ED846C0000FABA /* GoogleService-Info.plist */; };
		D076A2FD28F7940F0092CFAB /* Realm in Frameworks */ = {isa = PBXBuildFile; productRef = D076A2FC28F7940F0092CFAB /* Realm */; };
		D076A2FF28F7940F0092CFAB /* RealmSwift in Frameworks */ = {isa = PBXBuildFile; productRef = D076A2FE28F7940F0092CFAB /* RealmSwift */; };
		D076A30128F79A030092CFAB /* Todo.swift in Sources */ = {isa = PBXBuildFile; fileRef = D076A30028F79A030092CFAB /* Todo.swift */; };
		D076A30328F79BAB0092CFAB /* MigrationViewController.swift in Sources */ = {isa = PBXBuildFile; fileRef = D076A30228F79BAB0092CFAB /* MigrationViewController.swift */; };
/* End PBXBuildFile section */

/* Begin PBXFileReference section */
		D01F47D928F4F23B00617F11 /* SeSacFirebaseExample.entitlements */ = {isa = PBXFileReference; lastKnownFileType = text.plist.entitlements; path = SeSacFirebaseExample.entitlements; sourceTree = "<group>"; };
		D040F92628ED82BE0000FABA /* SeSacFirebaseExample.app */ = {isa = PBXFileReference; explicitFileType = wrapper.application; includeInIndex = 0; path = SeSacFirebaseExample.app; sourceTree = BUILT_PRODUCTS_DIR; };
		D040F92928ED82BE0000FABA /* AppDelegate.swift */ = {isa = PBXFileReference; lastKnownFileType = sourcecode.swift; path = AppDelegate.swift; sourceTree = "<group>"; };
		D040F92B28ED82BE0000FABA /* SceneDelegate.swift */ = {isa = PBXFileReference; lastKnownFileType = sourcecode.swift; path = SceneDelegate.swift; sourceTree = "<group>"; };
		D040F92D28ED82BE0000FABA /* ViewController.swift */ = {isa = PBXFileReference; lastKnownFileType = sourcecode.swift; path = ViewController.swift; sourceTree = "<group>"; };
		D040F93028ED82BE0000FABA /* Base */ = {isa = PBXFileReference; lastKnownFileType = file.storyboard; name = Base; path = Base.lproj/Main.storyboard; sourceTree = "<group>"; };
		D040F93228ED82BF0000FABA /* Assets.xcassets */ = {isa = PBXFileReference; lastKnownFileType = folder.assetcatalog; path = Assets.xcassets; sourceTree = "<group>"; };
		D040F93528ED82BF0000FABA /* Base */ = {isa = PBXFileReference; lastKnownFileType = file.storyboard; name = Base; path = Base.lproj/LaunchScreen.storyboard; sourceTree = "<group>"; };
		D040F93728ED82BF0000FABA /* Info.plist */ = {isa = PBXFileReference; lastKnownFileType = text.plist.xml; path = Info.plist; sourceTree = "<group>"; };
		D040F93D28ED846C0000FABA /* GoogleService-Info.plist */ = {isa = PBXFileReference; fileEncoding = 4; lastKnownFileType = text.plist.xml; path = "GoogleService-Info.plist"; sourceTree = "<group>"; };
		D076A30028F79A030092CFAB /* Todo.swift */ = {isa = PBXFileReference; lastKnownFileType = sourcecode.swift; path = Todo.swift; sourceTree = "<group>"; };
		D076A30228F79BAB0092CFAB /* MigrationViewController.swift */ = {isa = PBXFileReference; lastKnownFileType = sourcecode.swift; path = MigrationViewController.swift; sourceTree = "<group>"; };
/* End PBXFileReference section */

/* Begin PBXFrameworksBuildPhase section */
		D040F92328ED82BE0000FABA /* Frameworks */ = {
			isa = PBXFrameworksBuildPhase;
			buildActionMask = 2147483647;
			files = (
				D01F47D828F4ED3600617F11 /* FirebaseMessaging in Frameworks */,
				D01F47D428F4ED3600617F11 /* FirebaseAnalyticsWithoutAdIdSupport in Frameworks */,
				D076A2FD28F7940F0092CFAB /* Realm in Frameworks */,
				D076A2FF28F7940F0092CFAB /* RealmSwift in Frameworks */,
				D01F47D628F4ED3600617F11 /* FirebaseCrashlytics in Frameworks */,
			);
			runOnlyForDeploymentPostprocessing = 0;
		};
/* End PBXFrameworksBuildPhase section */

/* Begin PBXGroup section */
		D040F91D28ED82BE0000FABA = {
			isa = PBXGroup;
			children = (
				D040F92828ED82BE0000FABA /* SeSacFirebaseExample */,
				D040F92728ED82BE0000FABA /* Products */,
			);
			sourceTree = "<group>";
		};
		D040F92728ED82BE0000FABA /* Products */ = {
			isa = PBXGroup;
			children = (
				D040F92628ED82BE0000FABA /* SeSacFirebaseExample.app */,
			);
			name = Products;
			sourceTree = "<group>";
		};
		D040F92828ED82BE0000FABA /* SeSacFirebaseExample */ = {
			isa = PBXGroup;
			children = (
				D01F47D928F4F23B00617F11 /* SeSacFirebaseExample.entitlements */,
				D076A30028F79A030092CFAB /* Todo.swift */,
				D040F92928ED82BE0000FABA /* AppDelegate.swift */,
				D040F92B28ED82BE0000FABA /* SceneDelegate.swift */,
				D040F92D28ED82BE0000FABA /* ViewController.swift */,
				D076A30228F79BAB0092CFAB /* MigrationViewController.swift */,
				D040F92F28ED82BE0000FABA /* Main.storyboard */,
				D040F93228ED82BF0000FABA /* Assets.xcassets */,
				D040F93428ED82BF0000FABA /* LaunchScreen.storyboard */,
				D040F93728ED82BF0000FABA /* Info.plist */,
				D040F93D28ED846C0000FABA /* GoogleService-Info.plist */,
			);
			path = SeSacFirebaseExample;
			sourceTree = "<group>";
		};
/* End PBXGroup section */

/* Begin PBXNativeTarget section */
		D040F92528ED82BE0000FABA /* SeSacFirebaseExample */ = {
			isa = PBXNativeTarget;
			buildConfigurationList = D040F93A28ED82BF0000FABA /* Build configuration list for PBXNativeTarget "SeSacFirebaseExample" */;
			buildPhases = (
				D040F92228ED82BE0000FABA /* Sources */,
				D040F92328ED82BE0000FABA /* Frameworks */,
				D040F92428ED82BE0000FABA /* Resources */,
				D040F94428ED8BDB0000FABA /* ShellScript */,
			);
			buildRules = (
			);
			dependencies = (
			);
			name = SeSacFirebaseExample;
			packageProductDependencies = (
				D01F47D328F4ED3600617F11 /* FirebaseAnalyticsWithoutAdIdSupport */,
				D01F47D528F4ED3600617F11 /* FirebaseCrashlytics */,
				D01F47D728F4ED3600617F11 /* FirebaseMessaging */,
				D076A2FC28F7940F0092CFAB /* Realm */,
				D076A2FE28F7940F0092CFAB /* RealmSwift */,
			);
			productName = SeSacFirebaseExample;
			productReference = D040F92628ED82BE0000FABA /* SeSacFirebaseExample.app */;
			productType = "com.apple.product-type.application";
		};
/* End PBXNativeTarget section */

/* Begin PBXProject section */
		D040F91E28ED82BE0000FABA /* Project object */ = {
			isa = PBXProject;
			attributes = {
				BuildIndependentTargetsInParallel = 1;
				LastSwiftUpdateCheck = 1400;
				LastUpgradeCheck = 1400;
				TargetAttributes = {
					D040F92528ED82BE0000FABA = {
						CreatedOnToolsVersion = 14.0;
					};
				};
			};
			buildConfigurationList = D040F92128ED82BE0000FABA /* Build configuration list for PBXProject "SeSacFirebaseExample" */;
			compatibilityVersion = "Xcode 14.0";
			developmentRegion = en;
			hasScannedForEncodings = 0;
			knownRegions = (
				en,
				Base,
			);
			mainGroup = D040F91D28ED82BE0000FABA;
			packageReferences = (
				D01F47D228F4ED3600617F11 /* XCRemoteSwiftPackageReference "firebase-ios-sdk" */,
				D076A2FB28F7940F0092CFAB /* XCRemoteSwiftPackageReference "realm-swift" */,
			);
			productRefGroup = D040F92728ED82BE0000FABA /* Products */;
			projectDirPath = "";
			projectRoot = "";
			targets = (
				D040F92528ED82BE0000FABA /* SeSacFirebaseExample */,
			);
		};
/* End PBXProject section */

/* Begin PBXResourcesBuildPhase section */
		D040F92428ED82BE0000FABA /* Resources */ = {
			isa = PBXResourcesBuildPhase;
			buildActionMask = 2147483647;
			files = (
				D040F93628ED82BF0000FABA /* LaunchScreen.storyboard in Resources */,
				D040F93E28ED846C0000FABA /* GoogleService-Info.plist in Resources */,
				D040F93328ED82BF0000FABA /* Assets.xcassets in Resources */,
				D040F93128ED82BE0000FABA /* Main.storyboard in Resources */,
			);
			runOnlyForDeploymentPostprocessing = 0;
		};
/* End PBXResourcesBuildPhase section */

/* Begin PBXShellScriptBuildPhase section */
		D040F94428ED8BDB0000FABA /* ShellScript */ = {
			isa = PBXShellScriptBuildPhase;
			buildActionMask = 2147483647;
			files = (
			);
			inputFileListPaths = (
			);
			inputPaths = (
				"${DWARF_DSYM_FOLDER_PATH}/${DWARF_DSYM_FILE_NAME}/Contents/Resources/DWARF/${TARGET_NAME}",
				"$(SRCROOT)/$(BUILT_PRODUCTS_DIR)/$(INFOPLIST_PATH)",
			);
			outputFileListPaths = (
			);
			outputPaths = (
			);
			runOnlyForDeploymentPostprocessing = 0;
			shellPath = /bin/sh;
			shellScript = "# Type a script or drag a script file from your workspace to insert its path.\n\"${BUILD_DIR%/Build/*}/SourcePackages/checkouts/firebase-ios-sdk/Crashlytics/run\"\n";
		};
/* End PBXShellScriptBuildPhase section */

/* Begin PBXSourcesBuildPhase section */
		D040F92228ED82BE0000FABA /* Sources */ = {
			isa = PBXSourcesBuildPhase;
			buildActionMask = 2147483647;
			files = (
				D040F92E28ED82BE0000FABA /* ViewController.swift in Sources */,
				D040F92A28ED82BE0000FABA /* AppDelegate.swift in Sources */,
				D076A30328F79BAB0092CFAB /* MigrationViewController.swift in Sources */,
				D040F92C28ED82BE0000FABA /* SceneDelegate.swift in Sources */,
				D076A30128F79A030092CFAB /* Todo.swift in Sources */,
			);
			runOnlyForDeploymentPostprocessing = 0;
		};
/* End PBXSourcesBuildPhase section */

/* Begin PBXVariantGroup section */
		D040F92F28ED82BE0000FABA /* Main.storyboard */ = {
			isa = PBXVariantGroup;
			children = (
				D040F93028ED82BE0000FABA /* Base */,
			);
			name = Main.storyboard;
			sourceTree = "<group>";
		};
		D040F93428ED82BF0000FABA /* LaunchScreen.storyboard */ = {
			isa = PBXVariantGroup;
			children = (
				D040F93528ED82BF0000FABA /* Base */,
			);
			name = LaunchScreen.storyboard;
			sourceTree = "<group>";
		};
/* End PBXVariantGroup section */

/* Begin XCBuildConfiguration section */
		D040F93828ED82BF0000FABA /* Debug */ = {
			isa = XCBuildConfiguration;
			buildSettings = {
				ALWAYS_SEARCH_USER_PATHS = NO;
				CLANG_ANALYZER_NONNULL = YES;
				CLANG_ANALYZER_NUMBER_OBJECT_CONVERSION = YES_AGGRESSIVE;
				CLANG_CXX_LANGUAGE_STANDARD = "gnu++20";
				CLANG_ENABLE_MODULES = YES;
				CLANG_ENABLE_OBJC_ARC = YES;
				CLANG_ENABLE_OBJC_WEAK = YES;
				CLANG_WARN_BLOCK_CAPTURE_AUTORELEASING = YES;
				CLANG_WARN_BOOL_CONVERSION = YES;
				CLANG_WARN_COMMA = YES;
				CLANG_WARN_CONSTANT_CONVERSION = YES;
				CLANG_WARN_DEPRECATED_OBJC_IMPLEMENTATIONS = YES;
				CLANG_WARN_DIRECT_OBJC_ISA_USAGE = YES_ERROR;
				CLANG_WARN_DOCUMENTATION_COMMENTS = YES;
				CLANG_WARN_EMPTY_BODY = YES;
				CLANG_WARN_ENUM_CONVERSION = YES;
				CLANG_WARN_INFINITE_RECURSION = YES;
				CLANG_WARN_INT_CONVERSION = YES;
				CLANG_WARN_NON_LITERAL_NULL_CONVERSION = YES;
				CLANG_WARN_OBJC_IMPLICIT_RETAIN_SELF = YES;
				CLANG_WARN_OBJC_LITERAL_CONVERSION = YES;
				CLANG_WARN_OBJC_ROOT_CLASS = YES_ERROR;
				CLANG_WARN_QUOTED_INCLUDE_IN_FRAMEWORK_HEADER = YES;
				CLANG_WARN_RANGE_LOOP_ANALYSIS = YES;
				CLANG_WARN_STRICT_PROTOTYPES = YES;
				CLANG_WARN_SUSPICIOUS_MOVE = YES;
				CLANG_WARN_UNGUARDED_AVAILABILITY = YES_AGGRESSIVE;
				CLANG_WARN_UNREACHABLE_CODE = YES;
				CLANG_WARN__DUPLICATE_METHOD_MATCH = YES;
				COPY_PHASE_STRIP = NO;
				DEBUG_INFORMATION_FORMAT = dwarf;
				ENABLE_STRICT_OBJC_MSGSEND = YES;
				ENABLE_TESTABILITY = YES;
				GCC_C_LANGUAGE_STANDARD = gnu11;
				GCC_DYNAMIC_NO_PIC = NO;
				GCC_NO_COMMON_BLOCKS = YES;
				GCC_OPTIMIZATION_LEVEL = 0;
				GCC_PREPROCESSOR_DEFINITIONS = (
					"DEBUG=1",
					"$(inherited)",
				);
				GCC_WARN_64_TO_32_BIT_CONVERSION = YES;
				GCC_WARN_ABOUT_RETURN_TYPE = YES_ERROR;
				GCC_WARN_UNDECLARED_SELECTOR = YES;
				GCC_WARN_UNINITIALIZED_AUTOS = YES_AGGRESSIVE;
				GCC_WARN_UNUSED_FUNCTION = YES;
				GCC_WARN_UNUSED_VARIABLE = YES;
				IPHONEOS_DEPLOYMENT_TARGET = 15.0;
				MTL_ENABLE_DEBUG_INFO = INCLUDE_SOURCE;
				MTL_FAST_MATH = YES;
				ONLY_ACTIVE_ARCH = YES;
				SDKROOT = iphoneos;
				SWIFT_ACTIVE_COMPILATION_CONDITIONS = DEBUG;
				SWIFT_OPTIMIZATION_LEVEL = "-Onone";
			};
			name = Debug;
		};
		D040F93928ED82BF0000FABA /* Release */ = {
			isa = XCBuildConfiguration;
			buildSettings = {
				ALWAYS_SEARCH_USER_PATHS = NO;
				CLANG_ANALYZER_NONNULL = YES;
				CLANG_ANALYZER_NUMBER_OBJECT_CONVERSION = YES_AGGRESSIVE;
				CLANG_CXX_LANGUAGE_STANDARD = "gnu++20";
				CLANG_ENABLE_MODULES = YES;
				CLANG_ENABLE_OBJC_ARC = YES;
				CLANG_ENABLE_OBJC_WEAK = YES;
				CLANG_WARN_BLOCK_CAPTURE_AUTORELEASING = YES;
				CLANG_WARN_BOOL_CONVERSION = YES;
				CLANG_WARN_COMMA = YES;
				CLANG_WARN_CONSTANT_CONVERSION = YES;
				CLANG_WARN_DEPRECATED_OBJC_IMPLEMENTATIONS = YES;
				CLANG_WARN_DIRECT_OBJC_ISA_USAGE = YES_ERROR;
				CLANG_WARN_DOCUMENTATION_COMMENTS = YES;
				CLANG_WARN_EMPTY_BODY = YES;
				CLANG_WARN_ENUM_CONVERSION = YES;
				CLANG_WARN_INFINITE_RECURSION = YES;
				CLANG_WARN_INT_CONVERSION = YES;
				CLANG_WARN_NON_LITERAL_NULL_CONVERSION = YES;
				CLANG_WARN_OBJC_IMPLICIT_RETAIN_SELF = YES;
				CLANG_WARN_OBJC_LITERAL_CONVERSION = YES;
				CLANG_WARN_OBJC_ROOT_CLASS = YES_ERROR;
				CLANG_WARN_QUOTED_INCLUDE_IN_FRAMEWORK_HEADER = YES;
				CLANG_WARN_RANGE_LOOP_ANALYSIS = YES;
				CLANG_WARN_STRICT_PROTOTYPES = YES;
				CLANG_WARN_SUSPICIOUS_MOVE = YES;
				CLANG_WARN_UNGUARDED_AVAILABILITY = YES_AGGRESSIVE;
				CLANG_WARN_UNREACHABLE_CODE = YES;
				CLANG_WARN__DUPLICATE_METHOD_MATCH = YES;
				COPY_PHASE_STRIP = NO;
				DEBUG_INFORMATION_FORMAT = "dwarf-with-dsym";
				ENABLE_NS_ASSERTIONS = NO;
				ENABLE_STRICT_OBJC_MSGSEND = YES;
				GCC_C_LANGUAGE_STANDARD = gnu11;
				GCC_NO_COMMON_BLOCKS = YES;
				GCC_WARN_64_TO_32_BIT_CONVERSION = YES;
				GCC_WARN_ABOUT_RETURN_TYPE = YES_ERROR;
				GCC_WARN_UNDECLARED_SELECTOR = YES;
				GCC_WARN_UNINITIALIZED_AUTOS = YES_AGGRESSIVE;
				GCC_WARN_UNUSED_FUNCTION = YES;
				GCC_WARN_UNUSED_VARIABLE = YES;
				IPHONEOS_DEPLOYMENT_TARGET = 15.0;
				MTL_ENABLE_DEBUG_INFO = NO;
				MTL_FAST_MATH = YES;
				SDKROOT = iphoneos;
				SWIFT_COMPILATION_MODE = wholemodule;
				SWIFT_OPTIMIZATION_LEVEL = "-O";
				VALIDATE_PRODUCT = YES;
			};
			name = Release;
		};
		D040F93B28ED82BF0000FABA /* Debug */ = {
			isa = XCBuildConfiguration;
			buildSettings = {
				ASSETCATALOG_COMPILER_APPICON_NAME = AppIcon;
				ASSETCATALOG_COMPILER_GLOBAL_ACCENT_COLOR_NAME = AccentColor;
				CODE_SIGN_ENTITLEMENTS = SeSacFirebaseExample/SeSacFirebaseExample.entitlements;
				CODE_SIGN_STYLE = Automatic;
				CURRENT_PROJECT_VERSION = 1;
				DEBUG_INFORMATION_FORMAT = "dwarf-with-dsym";
				DEVELOPMENT_TEAM = PW2RLJT734;
				GENERATE_INFOPLIST_FILE = YES;
				INFOPLIST_FILE = SeSacFirebaseExample/Info.plist;
				INFOPLIST_KEY_UIApplicationSupportsIndirectInputEvents = YES;
				INFOPLIST_KEY_UILaunchStoryboardName = LaunchScreen;
				INFOPLIST_KEY_UIMainStoryboardFile = Main;
				INFOPLIST_KEY_UISupportedInterfaceOrientations_iPad = "UIInterfaceOrientationPortrait UIInterfaceOrientationPortraitUpsideDown UIInterfaceOrientationLandscapeLeft UIInterfaceOrientationLandscapeRight";
				INFOPLIST_KEY_UISupportedInterfaceOrientations_iPhone = "UIInterfaceOrientationPortrait UIInterfaceOrientationLandscapeLeft UIInterfaceOrientationLandscapeRight";
				LD_RUNPATH_SEARCH_PATHS = (
					"$(inherited)",
					"@executable_path/Frameworks",
				);
				MARKETING_VERSION = 1.0;
				PRODUCT_BUNDLE_IDENTIFIER = com.DongHee.SeSacFirebaseExample;
				PRODUCT_NAME = "$(TARGET_NAME)";
				SWIFT_EMIT_LOC_STRINGS = YES;
				SWIFT_VERSION = 5.0;
				TARGETED_DEVICE_FAMILY = "1,2";
			};
			name = Debug;
		};
		D040F93C28ED82BF0000FABA /* Release */ = {
			isa = XCBuildConfiguration;
			buildSettings = {
				ASSETCATALOG_COMPILER_APPICON_NAME = AppIcon;
				ASSETCATALOG_COMPILER_GLOBAL_ACCENT_COLOR_NAME = AccentColor;
				CODE_SIGN_ENTITLEMENTS = SeSacFirebaseExample/SeSacFirebaseExample.entitlements;
				CODE_SIGN_STYLE = Automatic;
				CURRENT_PROJECT_VERSION = 1;
				DEBUG_INFORMATION_FORMAT = "dwarf-with-dsym";
				DEVELOPMENT_TEAM = PW2RLJT734;
				GENERATE_INFOPLIST_FILE = YES;
				INFOPLIST_FILE = SeSacFirebaseExample/Info.plist;
				INFOPLIST_KEY_UIApplicationSupportsIndirectInputEvents = YES;
				INFOPLIST_KEY_UILaunchStoryboardName = LaunchScreen;
				INFOPLIST_KEY_UIMainStoryboardFile = Main;
				INFOPLIST_KEY_UISupportedInterfaceOrientations_iPad = "UIInterfaceOrientationPortrait UIInterfaceOrientationPortraitUpsideDown UIInterfaceOrientationLandscapeLeft UIInterfaceOrientationLandscapeRight";
				INFOPLIST_KEY_UISupportedInterfaceOrientations_iPhone = "UIInterfaceOrientationPortrait UIInterfaceOrientationLandscapeLeft UIInterfaceOrientationLandscapeRight";
				LD_RUNPATH_SEARCH_PATHS = (
					"$(inherited)",
					"@executable_path/Frameworks",
				);
				MARKETING_VERSION = 1.0;
				PRODUCT_BUNDLE_IDENTIFIER = com.DongHee.SeSacFirebaseExample;
				PRODUCT_NAME = "$(TARGET_NAME)";
				SWIFT_EMIT_LOC_STRINGS = YES;
				SWIFT_VERSION = 5.0;
				TARGETED_DEVICE_FAMILY = "1,2";
			};
			name = Release;
		};
/* End XCBuildConfiguration section */

/* Begin XCConfigurationList section */
		D040F92128ED82BE0000FABA /* Build configuration list for PBXProject "SeSacFirebaseExample" */ = {
			isa = XCConfigurationList;
			buildConfigurations = (
				D040F93828ED82BF0000FABA /* Debug */,
				D040F93928ED82BF0000FABA /* Release */,
			);
			defaultConfigurationIsVisible = 0;
			defaultConfigurationName = Release;
		};
		D040F93A28ED82BF0000FABA /* Build configuration list for PBXNativeTarget "SeSacFirebaseExample" */ = {
			isa = XCConfigurationList;
			buildConfigurations = (
				D040F93B28ED82BF0000FABA /* Debug */,
				D040F93C28ED82BF0000FABA /* Release */,
			);
			defaultConfigurationIsVisible = 0;
			defaultConfigurationName = Release;
		};
/* End XCConfigurationList section */

/* Begin XCRemoteSwiftPackageReference section */
		D01F47D228F4ED3600617F11 /* XCRemoteSwiftPackageReference "firebase-ios-sdk" */ = {
			isa = XCRemoteSwiftPackageReference;
			repositoryURL = "https://github.com/firebase/firebase-ios-sdk";
			requirement = {
				kind = upToNextMajorVersion;
				minimumVersion = 9.0.0;
			};
		};
		D076A2FB28F7940F0092CFAB /* XCRemoteSwiftPackageReference "realm-swift" */ = {
			isa = XCRemoteSwiftPackageReference;
			repositoryURL = "https://github.com/realm/realm-swift.git";
			requirement = {
				kind = upToNextMajorVersion;
				minimumVersion = 10.31.0;
			};
		};
/* End XCRemoteSwiftPackageReference section */

/* Begin XCSwiftPackageProductDependency section */
		D01F47D328F4ED3600617F11 /* FirebaseAnalyticsWithoutAdIdSupport */ = {
			isa = XCSwiftPackageProductDependency;
			package = D01F47D228F4ED3600617F11 /* XCRemoteSwiftPackageReference "firebase-ios-sdk" */;
			productName = FirebaseAnalyticsWithoutAdIdSupport;
		};
		D01F47D528F4ED3600617F11 /* FirebaseCrashlytics */ = {
			isa = XCSwiftPackageProductDependency;
			package = D01F47D228F4ED3600617F11 /* XCRemoteSwiftPackageReference "firebase-ios-sdk" */;
			productName = FirebaseCrashlytics;
		};
		D01F47D728F4ED3600617F11 /* FirebaseMessaging */ = {
			isa = XCSwiftPackageProductDependency;
			package = D01F47D228F4ED3600617F11 /* XCRemoteSwiftPackageReference "firebase-ios-sdk" */;
			productName = FirebaseMessaging;
		};
		D076A2FC28F7940F0092CFAB /* Realm */ = {
			isa = XCSwiftPackageProductDependency;
			package = D076A2FB28F7940F0092CFAB /* XCRemoteSwiftPackageReference "realm-swift" */;
			productName = Realm;
		};
		D076A2FE28F7940F0092CFAB /* RealmSwift */ = {
			isa = XCSwiftPackageProductDependency;
			package = D076A2FB28F7940F0092CFAB /* XCRemoteSwiftPackageReference "realm-swift" */;
			productName = RealmSwift;
		};
/* End XCSwiftPackageProductDependency section */
	};
	rootObject = D040F91E28ED82BE0000FABA /* Project object */;
}
